github.com/tx7do/go-utils v1.1.34 h1:pE37CWljZkuqT1xs3nHsmg1SFXxJVAPXfbhUPXAo3fA=
github.com/tx7do/go-utils v1.1.34/go.mod h1:h4l7qbtVr1MCDtgue/FGimhdPxwfR9UIL91U3CKnQSk=
github.com/tx7do/go-utils/code_generator v0.0.1 h1:PPZT0iL7tuXtXYPyp6c69h5g2anFJ+1oREvD7++y0yg=
github.com/tx7do/go-utils/code_generator v0.0.1/go.mod h1:C29vTME26K6JvT82g21b3Jdf/6b031ZSBcdWyIJpHv8=
